
Microsoft Visual Studio Solution File, Format Version 12.00
Project("{FAE04EC0-301F-11D3-BF4B-00C04F79EFBC}") = "QueryStream", "QueryStream\QueryStream.csproj", "{58A3095A-549E-4844-8FB2-ECF355484AD0}"
EndProject
Project("{FAE04EC0-301F-11D3-BF4B-00C04F79EFBC}") = "QueryStream.Tests", "QueryStream.Tests\QueryStream.Tests.csproj", "{5341B712-C929-4F88-A82F-B17E8CDFEF1D}"
EndProject
Global
	GlobalSection(SolutionConfigurationPlatforms) = preSolution
		Debug|Any CPU = Debug|Any CPU
		Release|Any CPU = Release|Any CPU
	EndGlobalSection
	GlobalSection(ProjectConfigurationPlatforms) = postSolution
		{58A3095A-549E-4844-8FB2-ECF355484AD0}.Debug|Any CPU.ActiveCfg = Debug|Any CPU
		{58A3095A-549E-4844-8FB2-ECF355484AD0}.Debug|Any CPU.Build.0 = Debug|Any CPU
		{58A3095A-549E-4844-8FB2-ECF355484AD0}.Release|Any CPU.ActiveCfg = Release|Any CPU
		{58A3095A-549E-4844-8FB2-ECF355484AD0}.Release|Any CPU.Build.0 = Release|Any CPU
		{5341B712-C929-4F88-A82F-B17E8CDFEF1D}.Debug|Any CPU.ActiveCfg = Debug|Any CPU
		{5341B712-C929-4F88-A82F-B17E8CDFEF1D}.Debug|Any CPU.Build.0 = Debug|Any CPU
		{5341B712-C929-4F88-A82F-B17E8CDFEF1D}.Release|Any CPU.ActiveCfg = Release|Any CPU
		{5341B712-C929-4F88-A82F-B17E8CDFEF1D}.Release|Any CPU.Build.0 = Release|Any CPU
	EndGlobalSection
EndGlobal
